
Microsoft Visual Studio Solution File, Format Version 12.00
# Visual Studio Version 17
VisualStudioVersion = 17.4.33110.190
MinimumVisualStudioVersion = 10.0.40219.1
Project("{FAE04EC0-301F-11D3-BF4B-00C04F79EFBC}") = "WpfApp1", "WpfApp1.csproj", "{F5884A37-ED99-4E1C-82A2-08DCE86F9AFE}"
EndProject
Global
	GlobalSection(SolutionConfigurationPlatforms) = preSolution
		Debug|Any CPU = Debug|Any CPU
		Release|Any CPU = Release|Any CPU
	EndGlobalSection
	GlobalSection(ProjectConfigurationPlatforms) = postSolution
		{F5884A37-ED99-4E1C-82A2-08DCE86F9AFE}.Debug|Any CPU.ActiveCfg = Debug|Any CPU
		{F5884A37-ED99-4E1C-82A2-08DCE86F9AFE}.Debug|Any CPU.Build.0 = Debug|Any CPU
		{F5884A37-ED99-4E1C-82A2-08DCE86F9AFE}.Release|Any CPU.ActiveCfg = Release|Any CPU
		{F5884A37-ED99-4E1C-82A2-08DCE86F9AFE}.Release|Any CPU.Build.0 = Release|Any CPU
	EndGlobalSection
	GlobalSection(SolutionProperties) = preSolution
		HideSolutionNode = FALSE
	EndGlobalSection
	GlobalSection(ExtensibilityGlobals) = postSolution
		SolutionGuid = {A6159948-40CA-42ED-B1C2-B3CB1D65358B}
	EndGlobalSection
EndGlobal
